
Microsoft Visual Studio Solution File, Format Version 12.00
# Visual Studio 15
VisualStudioVersion = 15.0.36001.139
MinimumVisualStudioVersion = 10.0.40219.1
Project("{FAE04EC0-301F-11D3-BF4B-00C04F79EFBC}") = "ADO_P_421", "ADO_P_421\ADO_P_421.csproj", "{6B48F071-013B-4144-9E8B-EF9656901E35}"
EndProject
Project("{2150E333-8FDC-42A3-9474-1A3956D46DE8}") = "Solution Items", "Solution Items", "{7BDD04F6-9541-4A71-ACA8-6382FA73119C}"
	ProjectSection(SolutionItems) = preProject
		ReadMe.txt = ReadMe.txt
		SQLQuery1 - PRIMARY KEY.sql = SQLQuery1 - PRIMARY KEY.sql
	EndProjectSection
EndProject
Project("{FAE04EC0-301F-11D3-BF4B-00C04F79EFBC}") = "DBtools", "DBtools\DBtools.csproj", "{429CF7FE-FDDD-4143-8F2C-0A033611F948}"
EndProject
Project("{FAE04EC0-301F-11D3-BF4B-00C04F79EFBC}") = "DLLcheck", "DLLcheck\DLLcheck.csproj", "{2523743A-A1B8-44FA-AEBD-09AC34DADC28}"
	ProjectSection(ProjectDependencies) = postProject
		{429CF7FE-FDDD-4143-8F2C-0A033611F948} = {429CF7FE-FDDD-4143-8F2C-0A033611F948}
	EndProjectSection
EndProject
Project("{FAE04EC0-301F-11D3-BF4B-00C04F79EFBC}") = "Academy", "Academy\Academy.csproj", "{00BCD818-9AB0-44D0-9EB9-F9C239DDAD76}"
	ProjectSection(ProjectDependencies) = postProject
		{429CF7FE-FDDD-4143-8F2C-0A033611F948} = {429CF7FE-FDDD-4143-8F2C-0A033611F948}
	EndProjectSection
EndProject
Global
	GlobalSection(SolutionConfigurationPlatforms) = preSolution
		Debug|Any CPU = Debug|Any CPU
		Release|Any CPU = Release|Any CPU
	EndGlobalSection
	GlobalSection(ProjectConfigurationPlatforms) = postSolution
		{6B48F071-013B-4144-9E8B-EF9656901E35}.Debug|Any CPU.ActiveCfg = Debug|Any CPU
		{6B48F071-013B-4144-9E8B-EF9656901E35}.Debug|Any CPU.Build.0 = Debug|Any CPU
		{6B48F071-013B-4144-9E8B-EF9656901E35}.Release|Any CPU.ActiveCfg = Debug|Any CPU
		{6B48F071-013B-4144-9E8B-EF9656901E35}.Release|Any CPU.Build.0 = Debug|Any CPU
		{429CF7FE-FDDD-4143-8F2C-0A033611F948}.Debug|Any CPU.ActiveCfg = Debug|Any CPU
		{429CF7FE-FDDD-4143-8F2C-0A033611F948}.Debug|Any CPU.Build.0 = Debug|Any CPU
		{429CF7FE-FDDD-4143-8F2C-0A033611F948}.Release|Any CPU.ActiveCfg = Debug|Any CPU
		{429CF7FE-FDDD-4143-8F2C-0A033611F948}.Release|Any CPU.Build.0 = Debug|Any CPU
		{2523743A-A1B8-44FA-AEBD-09AC34DADC28}.Debug|Any CPU.ActiveCfg = Debug|Any CPU
		{2523743A-A1B8-44FA-AEBD-09AC34DADC28}.Debug|Any CPU.Build.0 = Debug|Any CPU
		{2523743A-A1B8-44FA-AEBD-09AC34DADC28}.Release|Any CPU.ActiveCfg = Debug|Any CPU
		{2523743A-A1B8-44FA-AEBD-09AC34DADC28}.Release|Any CPU.Build.0 = Debug|Any CPU
		{00BCD818-9AB0-44D0-9EB9-F9C239DDAD76}.Debug|Any CPU.ActiveCfg = Debug|Any CPU
		{00BCD818-9AB0-44D0-9EB9-F9C239DDAD76}.Debug|Any CPU.Build.0 = Debug|Any CPU
		{00BCD818-9AB0-44D0-9EB9-F9C239DDAD76}.Release|Any CPU.ActiveCfg = Debug|Any CPU
		{00BCD818-9AB0-44D0-9EB9-F9C239DDAD76}.Release|Any CPU.Build.0 = Debug|Any CPU
	EndGlobalSection
	GlobalSection(SolutionProperties) = preSolution
		HideSolutionNode = FALSE
	EndGlobalSection
	GlobalSection(ExtensibilityGlobals) = postSolution
		SolutionGuid = {15FB51AD-FB25-451F-A692-197E23B7E406}
	EndGlobalSection
EndGlobal
